
Microsoft Visual Studio Solution File, Format Version 10.00
# Visual Studio 2008
Project("{8BC9CEB8-8B4A-11D0-8D11-00A0C91BC942}") = "X1", "X1\X1.vcproj", "{DE4FE6BE-27DB-4BBF-ADB0-40214210B104}"
EndProject
Project("{54435603-DBB4-11D2-8724-00A0C9A8B90C}") = "Internal", "Internal\Internal.vdproj", "{C40336A6-F16A-4121-8BF4-0105DA5F7C3C}"
EndProject
Global
	GlobalSection(SolutionConfigurationPlatforms) = preSolution
		Debug|Win32 = Debug|Win32
		Release|Win32 = Release|Win32
	EndGlobalSection
	GlobalSection(ProjectConfigurationPlatforms) = postSolution
		{DE4FE6BE-27DB-4BBF-ADB0-40214210B104}.Debug|Win32.ActiveCfg = Debug|Win32
		{DE4FE6BE-27DB-4BBF-ADB0-40214210B104}.Debug|Win32.Build.0 = Debug|Win32
		{DE4FE6BE-27DB-4BBF-ADB0-40214210B104}.Release|Win32.ActiveCfg = Release|Win32
		{DE4FE6BE-27DB-4BBF-ADB0-40214210B104}.Release|Win32.Build.0 = Release|Win32
		{C40336A6-F16A-4121-8BF4-0105DA5F7C3C}.Debug|Win32.ActiveCfg = Debug
		{C40336A6-F16A-4121-8BF4-0105DA5F7C3C}.Release|Win32.ActiveCfg = Release
	EndGlobalSection
	GlobalSection(SolutionProperties) = preSolution
		HideSolutionNode = FALSE
	EndGlobalSection
EndGlobal
